
Microsoft Visual Studio Solution File, Format Version 12.00
# Visual Studio Express 2012 for Windows Desktop
Project("{FAE04EC0-301F-11D3-BF4B-00C04F79EFBC}") = "DevDumps.Pats.Apps.PatsViewer", "..\Apps\PatsViewer\DevDumps.Pats.Apps.PatsViewer.csproj", "{2E8121DB-E54F-461A-8330-6B1746E7A23C}"
EndProject
Project("{FAE04EC0-301F-11D3-BF4B-00C04F79EFBC}") = "DevDumps.WPFSDK.Base", "..\DevDumps.WPFSDK.Base\DevDumps.WPFSDK.Base.csproj", "{046CDECD-3C64-4A46-B776-E0C7F8BBD0DF}"
EndProject
Project("{FAE04EC0-301F-11D3-BF4B-00C04F79EFBC}") = "DevDumps.WPFSDK.Core", "DevDumps.WPFSDK.Core\DevDumps.WPFSDK.Core.csproj", "{4CCB375D-5564-4387-96E6-B59FE4B427D3}"
EndProject
Project("{FAE04EC0-301F-11D3-BF4B-00C04F79EFBC}") = "DevDumps.WPFSDK.Controls", "DevDumps.WPFSDK.Controls\DevDumps.WPFSDK.Controls.csproj", "{FF7BB75C-9A51-4E37-933B-62C1B3F22BA8}"
EndProject
Global
	GlobalSection(SolutionConfigurationPlatforms) = preSolution
		Debug|Any CPU = Debug|Any CPU
		Release|Any CPU = Release|Any CPU
	EndGlobalSection
	GlobalSection(ProjectConfigurationPlatforms) = postSolution
		{2E8121DB-E54F-461A-8330-6B1746E7A23C}.Debug|Any CPU.ActiveCfg = Debug|Any CPU
		{2E8121DB-E54F-461A-8330-6B1746E7A23C}.Debug|Any CPU.Build.0 = Debug|Any CPU
		{2E8121DB-E54F-461A-8330-6B1746E7A23C}.Release|Any CPU.ActiveCfg = Release|Any CPU
		{2E8121DB-E54F-461A-8330-6B1746E7A23C}.Release|Any CPU.Build.0 = Release|Any CPU
		{046CDECD-3C64-4A46-B776-E0C7F8BBD0DF}.Debug|Any CPU.ActiveCfg = Debug|Any CPU
		{046CDECD-3C64-4A46-B776-E0C7F8BBD0DF}.Debug|Any CPU.Build.0 = Debug|Any CPU
		{046CDECD-3C64-4A46-B776-E0C7F8BBD0DF}.Release|Any CPU.ActiveCfg = Release|Any CPU
		{046CDECD-3C64-4A46-B776-E0C7F8BBD0DF}.Release|Any CPU.Build.0 = Release|Any CPU
		{4CCB375D-5564-4387-96E6-B59FE4B427D3}.Debug|Any CPU.ActiveCfg = Debug|Any CPU
		{4CCB375D-5564-4387-96E6-B59FE4B427D3}.Debug|Any CPU.Build.0 = Debug|Any CPU
		{4CCB375D-5564-4387-96E6-B59FE4B427D3}.Release|Any CPU.ActiveCfg = Release|Any CPU
		{4CCB375D-5564-4387-96E6-B59FE4B427D3}.Release|Any CPU.Build.0 = Release|Any CPU
		{FF7BB75C-9A51-4E37-933B-62C1B3F22BA8}.Debug|Any CPU.ActiveCfg = Debug|Any CPU
		{FF7BB75C-9A51-4E37-933B-62C1B3F22BA8}.Debug|Any CPU.Build.0 = Debug|Any CPU
		{FF7BB75C-9A51-4E37-933B-62C1B3F22BA8}.Release|Any CPU.ActiveCfg = Release|Any CPU
		{FF7BB75C-9A51-4E37-933B-62C1B3F22BA8}.Release|Any CPU.Build.0 = Release|Any CPU
	EndGlobalSection
	GlobalSection(SolutionProperties) = preSolution
		HideSolutionNode = FALSE
	EndGlobalSection
EndGlobal
